
Microsoft Visual Studio Solution File, Format Version 12.00
# Visual Studio 15
VisualStudioVersion = 15.0.27428.2037
MinimumVisualStudioVersion = 10.0.40219.1
Project("{FAE04EC0-301F-11D3-BF4B-00C04F79EFBC}") = "ImplementMultithreading1.1", "ImplementMultithreading1.1.csproj", "{D0185D3B-E7E5-407C-BF0E-3A3A5D91D51D}"
EndProject
Global
	GlobalSection(SolutionConfigurationPlatforms) = preSolution
		Debug|Any CPU = Debug|Any CPU
		Release|Any CPU = Release|Any CPU
	EndGlobalSection
	GlobalSection(ProjectConfigurationPlatforms) = postSolution
		{D0185D3B-E7E5-407C-BF0E-3A3A5D91D51D}.Debug|Any CPU.ActiveCfg = Debug|Any CPU
		{D0185D3B-E7E5-407C-BF0E-3A3A5D91D51D}.Debug|Any CPU.Build.0 = Debug|Any CPU
		{D0185D3B-E7E5-407C-BF0E-3A3A5D91D51D}.Release|Any CPU.ActiveCfg = Release|Any CPU
		{D0185D3B-E7E5-407C-BF0E-3A3A5D91D51D}.Release|Any CPU.Build.0 = Release|Any CPU
	EndGlobalSection
	GlobalSection(SolutionProperties) = preSolution
		HideSolutionNode = FALSE
	EndGlobalSection
	GlobalSection(ExtensibilityGlobals) = postSolution
		SolutionGuid = {AE5E377A-8CA9-40D8-88C3-E7E033F19635}
	EndGlobalSection
EndGlobal
